
Microsoft Visual Studio Solution File, Format Version 12.00
Project("{FAE04EC0-301F-11D3-BF4B-00C04F79EFBC}") = "assignment2", "assignment2.csproj", "{D63BC439-C0B4-4006-A672-CFC4E1167064}"
EndProject
Global
	GlobalSection(SolutionConfigurationPlatforms) = preSolution
		Debug|Any CPU = Debug|Any CPU
		Release|Any CPU = Release|Any CPU
	EndGlobalSection
	GlobalSection(ProjectConfigurationPlatforms) = postSolution
		{D63BC439-C0B4-4006-A672-CFC4E1167064}.Debug|Any CPU.ActiveCfg = Debug|Any CPU
		{D63BC439-C0B4-4006-A672-CFC4E1167064}.Debug|Any CPU.Build.0 = Debug|Any CPU
		{D63BC439-C0B4-4006-A672-CFC4E1167064}.Release|Any CPU.ActiveCfg = Release|Any CPU
		{D63BC439-C0B4-4006-A672-CFC4E1167064}.Release|Any CPU.Build.0 = Release|Any CPU
	EndGlobalSection
EndGlobal
